#MicroXplorer Configuration settings - do not modify
ADC1.Channel-0\#ChannelRegularConversion=ADC_CHANNEL_VBAT
ADC1.CommonPathInternal=null|null|ADC_CHANNEL_VBAT|null
ADC1.IPParameters=Rank-0\#ChannelRegularConversion,Channel-0\#ChannelRegularConversion,SamplingTime-0\#ChannelRegularConversion,OffsetNumber-0\#ChannelRegularConversion,NbrOfConversionFlag,Resolution,master,CommonPathInternal
ADC1.NbrOfConversionFlag=1
ADC1.OffsetNumber-0\#ChannelRegularConversion=ADC_OFFSET_NONE
ADC1.Rank-0\#ChannelRegularConversion=1
ADC1.Resolution=ADC_RESOLUTION_12B
ADC1.SamplingTime-0\#ChannelRegularConversion=ADC_SAMPLETIME_2CYCLES_5
ADC1.master=1
CAD.formats=[{"id"\:42,"cad_product"\:"KiCAD v6+","cad_family"\:"KiCAD"}]
CAD.pinconfig=Project naming
CAD.provider=
CAN1.ABOM=ENABLE
CAN1.AWUM=ENABLE
CAN1.BS1=CAN_BS1_13TQ
CAN1.BS2=CAN_BS2_2TQ
CAN1.CalculateBaudRate=33333
CAN1.CalculateTimeBit=30000
CAN1.CalculateTimeQuantum=1875.0
CAN1.IPParameters=CalculateTimeQuantum,CalculateTimeBit,CalculateBaudRate,Prescaler,BS1,BS2,ABOM,AWUM,SJW
CAN1.Prescaler=30
CAN1.SJW=CAN_SJW_4TQ
FATFS.BSP.number=1
FATFS.IPParameters=_FS_TINY
FATFS._FS_TINY=1
FATFS0.BSP.STBoard=false
FATFS0.BSP.api=Unknown
FATFS0.BSP.component=
FATFS0.BSP.condition=
FATFS0.BSP.instance=PC0
FATFS0.BSP.ip=GPIO
FATFS0.BSP.mode=Input
FATFS0.BSP.name=Detect_SDIO
FATFS0.BSP.semaphore=
FATFS0.BSP.solution=PC0
FREERTOS.FootprintOK=true
FREERTOS.IPParameters=Tasks01,configENABLE_FPU,configCHECK_FOR_STACK_OVERFLOW,FootprintOK,configTOTAL_HEAP_SIZE
FREERTOS.Tasks01=defaultTask,24,128,StartDefaultTask,Default,NULL,Dynamic,NULL,NULL
FREERTOS.configCHECK_FOR_STACK_OVERFLOW=1
FREERTOS.configENABLE_FPU=1
FREERTOS.configTOTAL_HEAP_SIZE=15000
File.Version=6
GPIO.groupedBy=Group By Peripherals
I2C1.Analog_Filter=I2C_ANALOGFILTER_ENABLE
I2C1.CustomTiming=Disabled
I2C1.IPParameters=Timing,CustomTiming,Analog_Filter
I2C1.Timing=0x00303D5B
KeepUserPlacement=false
Mcu.CPN=STM32L431RCT6
Mcu.Family=STM32L4
Mcu.IP0=ADC1
Mcu.IP1=CAN1
Mcu.IP10=USART1
Mcu.IP11=USART2
Mcu.IP12=USART3
Mcu.IP2=CRC
Mcu.IP3=FATFS
Mcu.IP4=FREERTOS
Mcu.IP5=I2C1
Mcu.IP6=NVIC
Mcu.IP7=RCC
Mcu.IP8=SDMMC1
Mcu.IP9=SYS
Mcu.IPNb=13
Mcu.Name=STM32L431R(B-C)Tx
Mcu.Package=LQFP64
Mcu.Pin0=PC13
Mcu.Pin1=PC14-OSC32_IN (PC14)
Mcu.Pin10=PA4
Mcu.Pin11=PA5
Mcu.Pin12=PA6
Mcu.Pin13=PA7
Mcu.Pin14=PC4
Mcu.Pin15=PC5
Mcu.Pin16=PB0
Mcu.Pin17=PB1
Mcu.Pin18=PB2
Mcu.Pin19=PB10
Mcu.Pin2=PH0-OSC_IN (PH0)
Mcu.Pin20=PB11
Mcu.Pin21=PB12
Mcu.Pin22=PB13
Mcu.Pin23=PB14
Mcu.Pin24=PC8
Mcu.Pin25=PA9
Mcu.Pin26=PA10
Mcu.Pin27=PA11
Mcu.Pin28=PA12
Mcu.Pin29=PA14 (JTCK-SWCLK)
Mcu.Pin3=PH1-OSC_OUT (PH1)
Mcu.Pin30=PC11
Mcu.Pin31=PC12
Mcu.Pin32=PD2
Mcu.Pin33=PB3 (JTDO-TRACESWO)
Mcu.Pin34=PB4 (NJTRST)
Mcu.Pin35=PB5
Mcu.Pin36=PB6
Mcu.Pin37=PB7
Mcu.Pin38=PB8
Mcu.Pin39=PB9
Mcu.Pin4=PC0
Mcu.Pin40=VP_ADC1_Vbat_Input
Mcu.Pin41=VP_CRC_VS_CRC
Mcu.Pin42=VP_FATFS_VS_SDIO
Mcu.Pin43=VP_FREERTOS_VS_CMSIS_V2
Mcu.Pin44=VP_SYS_VS_tim6
Mcu.Pin5=PC1
Mcu.Pin6=PA0
Mcu.Pin7=PA1
Mcu.Pin8=PA2
Mcu.Pin9=PA3
Mcu.PinsNb=45
Mcu.ThirdParty0=STMicroelectronics.X-CUBE-EEPRMA1.4.2.0
Mcu.ThirdPartyNb=1
Mcu.UserConstants=
Mcu.UserName=STM32L431RCTx
MxCube.Version=6.9.2
MxDb.Version=DB.6.0.92
NVIC.BusFault_IRQn=true\:0\:0\:false\:false\:true\:false\:false\:false\:false
NVIC.CAN1_RX0_IRQn=true\:5\:0\:true\:false\:true\:true\:true\:true\:true
NVIC.CAN1_RX1_IRQn=true\:5\:0\:true\:false\:true\:true\:true\:true\:true
NVIC.DebugMonitor_IRQn=true\:0\:0\:false\:false\:true\:false\:false\:false\:false
NVIC.EXTI15_10_IRQn=true\:5\:0\:false\:true\:true\:2\:true\:true\:true\:true
NVIC.ForceEnableDMAVector=true
NVIC.HardFault_IRQn=true\:0\:0\:false\:false\:true\:false\:false\:false\:false
NVIC.I2C1_ER_IRQn=true\:5\:0\:false\:false\:true\:true\:true\:true\:true
NVIC.I2C1_EV_IRQn=true\:5\:0\:false\:true\:true\:1\:true\:true\:true\:true
NVIC.MemoryManagement_IRQn=true\:0\:0\:false\:false\:true\:false\:false\:false\:false
NVIC.NonMaskableInt_IRQn=true\:0\:0\:false\:false\:true\:false\:false\:true\:false
NVIC.PVD_PVM_IRQn=true\:5\:0\:false\:false\:true\:true\:true\:true\:true
NVIC.PendSV_IRQn=true\:15\:0\:false\:false\:false\:true\:false\:false\:false
NVIC.PriorityGroup=NVIC_PRIORITYGROUP_4
NVIC.SVCall_IRQn=true\:0\:0\:false\:false\:false\:false\:false\:false\:false
NVIC.SavedPendsvIrqHandlerGenerated=true
NVIC.SavedSvcallIrqHandlerGenerated=true
NVIC.SavedSystickIrqHandlerGenerated=true
NVIC.SysTick_IRQn=true\:15\:0\:false\:false\:false\:true\:false\:true\:false
NVIC.TIM6_DAC_IRQn=true\:15\:0\:false\:false\:true\:false\:false\:true\:true
NVIC.TimeBase=TIM6_DAC_IRQn
NVIC.TimeBaseIP=TIM6
NVIC.USART1_IRQn=true\:5\:0\:true\:false\:true\:true\:true\:true\:true
NVIC.USART2_IRQn=true\:5\:0\:false\:false\:true\:true\:true\:true\:true
NVIC.USART3_IRQn=true\:5\:0\:false\:false\:true\:true\:true\:true\:true
NVIC.UsageFault_IRQn=true\:0\:0\:false\:false\:true\:false\:false\:false\:false
PA0.Locked=true
PA0.Mode=SYS_WakeUp0
PA0.Signal=SYS_WKUP1
PA1.GPIOParameters=GPIO_Label
PA1.GPIO_Label=BATTERY_EN
PA1.Locked=true
PA1.Signal=GPIO_Output
PA10.Locked=true
PA10.Mode=I2C
PA10.Signal=I2C1_SDA
PA11.GPIOParameters=GPIO_PuPd,GPIO_Label,GPIO_ModeDefaultEXTI
PA11.GPIO_Label=ADC1_ALERT
PA11.GPIO_ModeDefaultEXTI=GPIO_MODE_IT_FALLING
PA11.GPIO_PuPd=GPIO_NOPULL
PA11.Locked=true
PA11.Signal=GPXTI11
PA12.GPIOParameters=GPIO_PuPd,GPIO_Label,GPIO_ModeDefaultEXTI
PA12.GPIO_Label=ADC2_ALERT
PA12.GPIO_ModeDefaultEXTI=GPIO_MODE_IT_FALLING
PA12.GPIO_PuPd=GPIO_NOPULL
PA12.Locked=true
PA12.Signal=GPXTI12
PA14\ (JTCK-SWCLK).GPIOParameters=GPIO_Label
PA14\ (JTCK-SWCLK).GPIO_Label=BATTERY
PA14\ (JTCK-SWCLK).Locked=true
PA14\ (JTCK-SWCLK).Signal=GPIO_Input
PA2.Locked=true
PA2.Mode=Asynchronous
PA2.Signal=USART2_TX
PA3.Locked=true
PA3.Mode=Asynchronous
PA3.Signal=USART2_RX
PA4.GPIOParameters=GPIO_Label
PA4.GPIO_Label=VCC_STAT
PA4.Locked=true
PA4.Signal=GPIO_Input
PA5.GPIOParameters=GPIO_Label
PA5.GPIO_Label=BUS_SEL2
PA5.Locked=true
PA5.Signal=GPIO_Output
PA6.GPIOParameters=GPIO_Label
PA6.GPIO_Label=BUS_SEL1
PA6.Locked=true
PA6.Signal=GPIO_Output
PA7.GPIOParameters=GPIO_Label
PA7.GPIO_Label=BUS_STAT
PA7.Locked=true
PA7.Signal=GPIO_Input
PA9.Locked=true
PA9.Mode=I2C
PA9.Signal=I2C1_SCL
PB0.GPIOParameters=PinState,GPIO_Label
PB0.GPIO_Label=LED0
PB0.Locked=true
PB0.PinState=GPIO_PIN_RESET
PB0.Signal=GPIO_Output
PB1.GPIOParameters=PinState,GPIO_Label
PB1.GPIO_Label=LED1
PB1.Locked=true
PB1.PinState=GPIO_PIN_RESET
PB1.Signal=GPIO_Output
PB10.GPIOParameters=PinState,GPIO_Label
PB10.GPIO_Label=LED3
PB10.Locked=true
PB10.PinState=GPIO_PIN_RESET
PB10.Signal=GPIO_Output
PB11.GPIOParameters=PinState,GPIO_Label
PB11.GPIO_Label=LED4
PB11.Locked=true
PB11.PinState=GPIO_PIN_RESET
PB11.Signal=GPIO_Output
PB12.GPIOParameters=PinState,GPIO_Label
PB12.GPIO_Label=LED5
PB12.Locked=true
PB12.PinState=GPIO_PIN_RESET
PB12.Signal=GPIO_Output
PB13.GPIOParameters=PinState,GPIO_Label
PB13.GPIO_Label=LED6
PB13.Locked=true
PB13.PinState=GPIO_PIN_RESET
PB13.Signal=GPIO_Output
PB14.GPIOParameters=PinState,GPIO_Label
PB14.GPIO_Label=LED7
PB14.Locked=true
PB14.PinState=GPIO_PIN_RESET
PB14.Signal=GPIO_Output
PB2.GPIOParameters=PinState,GPIO_Label
PB2.GPIO_Label=LED2
PB2.Locked=true
PB2.PinState=GPIO_PIN_RESET
PB2.Signal=GPIO_Output
PB3\ (JTDO-TRACESWO).GPIOParameters=GPIO_Label
PB3\ (JTDO-TRACESWO).GPIO_Label=SOL_SEL2
PB3\ (JTDO-TRACESWO).Locked=true
PB3\ (JTDO-TRACESWO).Signal=GPIO_Output
PB4\ (NJTRST).GPIOParameters=GPIO_Label
PB4\ (NJTRST).GPIO_Label=SOL_SEL1
PB4\ (NJTRST).Locked=true
PB4\ (NJTRST).Signal=GPIO_Output
PB5.GPIOParameters=GPIO_Label
PB5.GPIO_Label=SOL_STAT
PB5.Locked=true
PB5.Signal=GPIO_Input
PB6.Locked=true
PB6.Mode=Asynchronous
PB6.Signal=USART1_TX
PB7.Locked=true
PB7.Mode=Asynchronous
PB7.Signal=USART1_RX
PB8.Locked=true
PB8.Mode=CAN_Activate
PB8.Signal=CAN1_RX
PB9.Locked=true
PB9.Mode=CAN_Activate
PB9.Signal=CAN1_TX
PC0.GPIOParameters=GPIO_Label
PC0.GPIO_Label=MOCK_SD_DETECT
PC0.Locked=true
PC0.Signal=GPIO_Input
PC1.GPIOParameters=GPIO_Label
PC1.GPIO_Label=SOLENOID
PC1.Locked=true
PC1.Signal=GPIO_Output
PC11.GPIOParameters=GPIO_Label
PC11.GPIO_Label=CAN_EN
PC11.Locked=true
PC11.Signal=GPIO_Input
PC12.Mode=SD_1_bit
PC12.Signal=SDMMC1_CK
PC13.GPIOParameters=GPIO_Label
PC13.GPIO_Label=CAN_SILENT
PC13.Locked=true
PC13.Signal=GPIO_Output
PC14-OSC32_IN\ (PC14).GPIOParameters=GPIO_Label
PC14-OSC32_IN\ (PC14).GPIO_Label=CAN_SHDN
PC14-OSC32_IN\ (PC14).Locked=true
PC14-OSC32_IN\ (PC14).Signal=GPIO_Output
PC4.Locked=true
PC4.Mode=Asynchronous
PC4.Signal=USART3_TX
PC5.Locked=true
PC5.Mode=Asynchronous
PC5.Signal=USART3_RX
PC8.Mode=SD_1_bit
PC8.Signal=SDMMC1_D0
PCC.Checker=true
PCC.Line=STM32L4x1
PCC.MCU=STM32L431R(B-C)Tx
PCC.PartNumber=STM32L431RCTx
PCC.Seq0=2
PCC.Seq0.Step0.Average_Current=8.71 mA
PCC.Seq0.Step0.CPU_Frequency=80 MHz
PCC.Seq0.Step0.Category=In DS Table
PCC.Seq0.Step0.DMIPS=100.0
PCC.Seq0.Step0.Duration=0.39 ms
PCC.Seq0.Step0.Frequency=4 MHz
PCC.Seq0.Step0.Memory=SRAM2
PCC.Seq0.Step0.Mode=RUN
PCC.Seq0.Step0.Oscillator=HSE BYP PLL
PCC.Seq0.Step0.Peripherals=
PCC.Seq0.Step0.TaMax=103.82
PCC.Seq0.Step0.User's_Consumption=0 mA
PCC.Seq0.Step0.Vcore=Range1-High
PCC.Seq0.Step0.Vdd=3.0
PCC.Seq0.Step0.Voltage_Source=Battery
PCC.Seq0.Step1.Average_Current=1.06 \u00B5A
PCC.Seq0.Step1.CPU_Frequency=0 Hz
PCC.Seq0.Step1.Category=In DS Table
PCC.Seq0.Step1.DMIPS=0.0
PCC.Seq0.Step1.Duration=0.61 ms
PCC.Seq0.Step1.Frequency=0 Hz
PCC.Seq0.Step1.Memory=n/a
PCC.Seq0.Step1.Mode=STOP2
PCC.Seq0.Step1.Oscillator=ALL CLOCKS OFF
PCC.Seq0.Step1.Peripherals=
PCC.Seq0.Step1.TaMax=105
PCC.Seq0.Step1.User's_Consumption=0 mA
PCC.Seq0.Step1.Vcore=NoRange
PCC.Seq0.Step1.Vdd=3.0
PCC.Seq0.Step1.Voltage_Source=Battery
PCC.Series=STM32L4
PCC.Temperature=25
PCC.Vdd=3.0
PD2.Mode=SD_1_bit
PD2.Signal=SDMMC1_CMD
PH0-OSC_IN\ (PH0).Locked=true
PH0-OSC_IN\ (PH0).Mode=HSE-External-Oscillator
PH0-OSC_IN\ (PH0).Signal=RCC_OSC_IN
PH1-OSC_OUT\ (PH1).Locked=true
PH1-OSC_OUT\ (PH1).Mode=HSE-External-Oscillator
PH1-OSC_OUT\ (PH1).Signal=RCC_OSC_OUT
PinOutPanel.RotationAngle=0
ProjectManager.AskForMigrate=true
ProjectManager.BackupPrevious=false
ProjectManager.CompilerOptimize=6
ProjectManager.ComputerToolchain=false
ProjectManager.CoupleFile=true
ProjectManager.CustomerFirmwarePackage=
ProjectManager.DefaultFWLocation=true
ProjectManager.DeletePrevious=true
ProjectManager.DeviceId=STM32L431RCTx
ProjectManager.FirmwarePackage=STM32Cube FW_L4 V1.18.0
ProjectManager.FreePins=true
ProjectManager.HalAssertFull=true
ProjectManager.HeapSize=0x200
ProjectManager.KeepUserCode=true
ProjectManager.LastFirmware=true
ProjectManager.LibraryCopy=1
ProjectManager.MainLocation=Core/Src
ProjectManager.NoMain=false
ProjectManager.PreviousToolchain=
ProjectManager.ProjectBuild=false
ProjectManager.ProjectFileName=STM32.ioc
ProjectManager.ProjectName=STM32
ProjectManager.ProjectStructure=
ProjectManager.RegisterCallBack=
ProjectManager.StackSize=0x400
ProjectManager.TargetToolchain=Makefile
ProjectManager.ToolChainLocation=
ProjectManager.UAScriptAfterPath=
ProjectManager.UAScriptBeforePath=
ProjectManager.UnderRoot=false
ProjectManager.functionlistsort=1-SystemClock_Config-RCC-false-HAL-false,2-MX_GPIO_Init-GPIO-false-HAL-true,3-MX_ADC1_Init-ADC1-false-HAL-true,4-MX_CAN1_Init-CAN1-false-HAL-true,5-MX_I2C1_Init-I2C1-false-HAL-true,6-MX_USART1_UART_Init-USART1-false-HAL-true,7-MX_USART2_UART_Init-USART2-false-HAL-true,8-MX_USART3_UART_Init-USART3-false-HAL-true,9-MX_SDMMC1_SD_Init-SDMMC1-false-HAL-true,10-MX_FATFS_Init-FATFS-false-HAL-false,11-MX_CRC_Init-CRC-false-HAL-true
RCC.ADCCLockSelection=RCC_ADCCLKSOURCE_SYSCLK
RCC.ADCFreq_Value=16000000
RCC.AHBFreq_Value=16000000
RCC.APB1Freq_Value=16000000
RCC.APB1TimFreq_Value=16000000
RCC.APB2Freq_Value=16000000
RCC.APB2TimFreq_Value=16000000
RCC.CK48CLockSelection=RCC_USBCLKSOURCE_HSI48
RCC.CortexFreq_Value=16000000
RCC.EnbaleCSS=true
RCC.FCLKCortexFreq_Value=16000000
RCC.FamilyName=M
RCC.HCLKFreq_Value=16000000
RCC.HSE_VALUE=8000000
RCC.HSI48_VALUE=48000000
RCC.HSI_VALUE=16000000
RCC.I2C1Freq_Value=16000000
RCC.I2C2Freq_Value=16000000
RCC.I2C3Freq_Value=16000000
RCC.IPParameters=ADCCLockSelection,ADCFreq_Value,AHBFreq_Value,APB1Freq_Value,APB1TimFreq_Value,APB2Freq_Value,APB2TimFreq_Value,CK48CLockSelection,CortexFreq_Value,EnbaleCSS,FCLKCortexFreq_Value,FamilyName,HCLKFreq_Value,HSE_VALUE,HSI48_VALUE,HSI_VALUE,I2C1Freq_Value,I2C2Freq_Value,I2C3Freq_Value,LPTIM1Freq_Value,LPTIM2Freq_Value,LPUART1Freq_Value,LSCOPinFreq_Value,LSE_VALUE,LSI_VALUE,MCO1PinFreq_Value,MSIClockRange,MSI_VALUE,PLLPoutputFreq_Value,PLLQoutputFreq_Value,PLLR,PLLRCLKFreq_Value,PLLSAI1PoutputFreq_Value,PLLSAI1Q,PLLSAI1QoutputFreq_Value,PLLSAI1RoutputFreq_Value,PLLSourceVirtual,PWRFreq_Value,RNGFreq_Value,SAI1Freq_Value,SDMMCFreq_Value,SWPMI1Freq_Value,SYSCLKFreq_VALUE,SYSCLKSource,USART1Freq_Value,USART2Freq_Value,USART3Freq_Value,VCOInputFreq_Value,VCOOutputFreq_Value,VCOSAI1OutputFreq_Value
RCC.LPTIM1Freq_Value=16000000
RCC.LPTIM2Freq_Value=16000000
RCC.LPUART1Freq_Value=16000000
RCC.LSCOPinFreq_Value=32000
RCC.LSE_VALUE=32768
RCC.LSI_VALUE=32000
RCC.MCO1PinFreq_Value=16000000
RCC.MSIClockRange=RCC_MSIRANGE_7
RCC.MSI_VALUE=8000000
RCC.PLLPoutputFreq_Value=9142857.142857144
RCC.PLLQoutputFreq_Value=32000000
RCC.PLLR=RCC_PLLR_DIV4
RCC.PLLRCLKFreq_Value=16000000
RCC.PLLSAI1PoutputFreq_Value=9142857.142857144
RCC.PLLSAI1Q=RCC_PLLQ_DIV4
RCC.PLLSAI1QoutputFreq_Value=16000000
RCC.PLLSAI1RoutputFreq_Value=32000000
RCC.PLLSourceVirtual=RCC_PLLSOURCE_HSE
RCC.PWRFreq_Value=16000000
RCC.RNGFreq_Value=48000000
RCC.SAI1Freq_Value=9142857.142857144
RCC.SDMMCFreq_Value=48000000
RCC.SWPMI1Freq_Value=16000000
RCC.SYSCLKFreq_VALUE=16000000
RCC.SYSCLKSource=RCC_SYSCLKSOURCE_PLLCLK
RCC.USART1Freq_Value=16000000
RCC.USART2Freq_Value=16000000
RCC.USART3Freq_Value=16000000
RCC.VCOInputFreq_Value=8000000
RCC.VCOOutputFreq_Value=64000000
RCC.VCOSAI1OutputFreq_Value=64000000
SH.GPXTI11.0=GPIO_EXTI11
SH.GPXTI11.ConfNb=1
SH.GPXTI12.0=GPIO_EXTI12
SH.GPXTI12.ConfNb=1
STMicroelectronics.X-CUBE-EEPRMA1.4.2.0.BoardOoPartJjEEPROM_Checked=false
STMicroelectronics.X-CUBE-EEPRMA1.4.2.0_SwParameter=EEPROMCcBoardOoPartJjM95JjM95XX\:true;EEPROMCcBoardOoPartJjM95P32JjM95P32\:true;EEPROMCcBoardOoPartJjM24JjM24XX\:true;
USART1.BaudRate=19200
USART1.DMADisableonRxErrorParam=ADVFEATURE_DMA_DISABLEONRXERROR
USART1.IPParameters=VirtualMode-Asynchronous,BaudRate,DMADisableonRxErrorParam,OverrunDisableParam,Mode
USART1.Mode=MODE_TX
USART1.OverrunDisableParam=ADVFEATURE_OVERRUN_DISABLE
USART1.VirtualMode-Asynchronous=VM_ASYNC
USART2.BaudRate=19200
USART2.IPParameters=VirtualMode-Asynchronous,BaudRate
USART2.VirtualMode-Asynchronous=VM_ASYNC
USART3.BaudRate=19200
USART3.IPParameters=VirtualMode-Asynchronous,BaudRate
USART3.VirtualMode-Asynchronous=VM_ASYNC
VP_ADC1_Vbat_Input.Mode=IN-Vbat
VP_ADC1_Vbat_Input.Signal=ADC1_Vbat_Input
VP_CRC_VS_CRC.Mode=CRC_Activate
VP_CRC_VS_CRC.Signal=CRC_VS_CRC
VP_FATFS_VS_SDIO.Mode=SDIO
VP_FATFS_VS_SDIO.Signal=FATFS_VS_SDIO
VP_FREERTOS_VS_CMSIS_V2.Mode=CMSIS_V2
VP_FREERTOS_VS_CMSIS_V2.Signal=FREERTOS_VS_CMSIS_V2
VP_SYS_VS_tim6.Mode=TIM6
VP_SYS_VS_tim6.Signal=SYS_VS_tim6
board=custom
rtos.0.ip=FREERTOS
